
Microsoft Visual Studio Solution File, Format Version 12.00
# Visual Studio Version 17
VisualStudioVersion = 17.8.34322.80
MinimumVisualStudioVersion = 10.0.40219.1
Project("{9A19103F-16F7-4668-BE54-9A1E7A4F7556}") = "TripTrove.Server", "TripTrove\Server\TripTrove.Server.csproj", "{7CF71310-5B7A-4929-B923-F1E1E999CB04}"
EndProject
Project("{9A19103F-16F7-4668-BE54-9A1E7A4F7556}") = "TripTrove.Client", "TripTrove\Client\TripTrove.Client.csproj", "{893A9042-0AA5-4F66-86F4-5912D19B3639}"
EndProject
Project("{9A19103F-16F7-4668-BE54-9A1E7A4F7556}") = "TripTrove.Shared", "TripTrove\Shared\TripTrove.Shared.csproj", "{789BF451-CB35-48B3-BE02-C6844FE7C830}"
EndProject
Global
	GlobalSection(SolutionConfigurationPlatforms) = preSolution
		Debug|Any CPU = Debug|Any CPU
		Release|Any CPU = Release|Any CPU
	EndGlobalSection
	GlobalSection(ProjectConfigurationPlatforms) = postSolution
		{7CF71310-5B7A-4929-B923-F1E1E999CB04}.Debug|Any CPU.ActiveCfg = Debug|Any CPU
		{7CF71310-5B7A-4929-B923-F1E1E999CB04}.Debug|Any CPU.Build.0 = Debug|Any CPU
		{7CF71310-5B7A-4929-B923-F1E1E999CB04}.Release|Any CPU.ActiveCfg = Release|Any CPU
		{7CF71310-5B7A-4929-B923-F1E1E999CB04}.Release|Any CPU.Build.0 = Release|Any CPU
		{893A9042-0AA5-4F66-86F4-5912D19B3639}.Debug|Any CPU.ActiveCfg = Debug|Any CPU
		{893A9042-0AA5-4F66-86F4-5912D19B3639}.Debug|Any CPU.Build.0 = Debug|Any CPU
		{893A9042-0AA5-4F66-86F4-5912D19B3639}.Release|Any CPU.ActiveCfg = Release|Any CPU
		{893A9042-0AA5-4F66-86F4-5912D19B3639}.Release|Any CPU.Build.0 = Release|Any CPU
		{789BF451-CB35-48B3-BE02-C6844FE7C830}.Debug|Any CPU.ActiveCfg = Debug|Any CPU
		{789BF451-CB35-48B3-BE02-C6844FE7C830}.Debug|Any CPU.Build.0 = Debug|Any CPU
		{789BF451-CB35-48B3-BE02-C6844FE7C830}.Release|Any CPU.ActiveCfg = Release|Any CPU
		{789BF451-CB35-48B3-BE02-C6844FE7C830}.Release|Any CPU.Build.0 = Release|Any CPU
	EndGlobalSection
	GlobalSection(SolutionProperties) = preSolution
		HideSolutionNode = FALSE
	EndGlobalSection
	GlobalSection(ExtensibilityGlobals) = postSolution
		SolutionGuid = {8B174F59-0ECF-42B8-96F3-B116856A9DE2}
	EndGlobalSection
EndGlobal
